
Microsoft Visual Studio Solution File, Format Version 12.00
# Visual Studio Version 17
VisualStudioVersion = 17.7.34221.43
MinimumVisualStudioVersion = 10.0.40219.1
Project("{E53339B2-1760-4266-BCC7-CA923CBCF16C}") = "docker-compose", "docker-compose.dcproj", "{4A280582-93EB-429B-B61A-CE4AB07D4175}"
EndProject
Project("{9A19103F-16F7-4668-BE54-9A1E7A4F7556}") = "WidgetOrderApp", "src\WidgetOrderApp\WidgetOrderApp.csproj", "{5414E4EA-D5B4-4E6E-8EB1-BC8603715CA1}"
EndProject
Project("{9A19103F-16F7-4668-BE54-9A1E7A4F7556}") = "WidgetOrderService", "src\WidgetOrderService\WidgetOrderService.csproj", "{27AC0AC4-2F89-44F6-B230-037FFB5009B0}"
EndProject
Project("{2150E333-8FDC-42A3-9474-1A3956D46DE8}") = "Solution Items", "Solution Items", "{922E63D4-F5F4-4B9D-BFEA-9336E2E54D74}"
	ProjectSection(SolutionItems) = preProject
		README.md = README.md
		setup.ps1 = setup.ps1
	EndProjectSection
EndProject
Global
	GlobalSection(SolutionConfigurationPlatforms) = preSolution
		Debug|Any CPU = Debug|Any CPU
		Release|Any CPU = Release|Any CPU
	EndGlobalSection
	GlobalSection(ProjectConfigurationPlatforms) = postSolution
		{5414E4EA-D5B4-4E6E-8EB1-BC8603715CA1}.Debug|Any CPU.ActiveCfg = Debug|Any CPU
		{5414E4EA-D5B4-4E6E-8EB1-BC8603715CA1}.Debug|Any CPU.Build.0 = Debug|Any CPU
		{5414E4EA-D5B4-4E6E-8EB1-BC8603715CA1}.Release|Any CPU.ActiveCfg = Release|Any CPU
		{5414E4EA-D5B4-4E6E-8EB1-BC8603715CA1}.Release|Any CPU.Build.0 = Release|Any CPU
		{27AC0AC4-2F89-44F6-B230-037FFB5009B0}.Debug|Any CPU.ActiveCfg = Debug|Any CPU
		{27AC0AC4-2F89-44F6-B230-037FFB5009B0}.Debug|Any CPU.Build.0 = Debug|Any CPU
		{27AC0AC4-2F89-44F6-B230-037FFB5009B0}.Release|Any CPU.ActiveCfg = Release|Any CPU
		{27AC0AC4-2F89-44F6-B230-037FFB5009B0}.Release|Any CPU.Build.0 = Release|Any CPU
		{4A280582-93EB-429B-B61A-CE4AB07D4175}.Debug|Any CPU.ActiveCfg = Debug|Any CPU
		{4A280582-93EB-429B-B61A-CE4AB07D4175}.Debug|Any CPU.Build.0 = Debug|Any CPU
		{4A280582-93EB-429B-B61A-CE4AB07D4175}.Release|Any CPU.ActiveCfg = Release|Any CPU
		{4A280582-93EB-429B-B61A-CE4AB07D4175}.Release|Any CPU.Build.0 = Release|Any CPU
	EndGlobalSection
	GlobalSection(SolutionProperties) = preSolution
		HideSolutionNode = FALSE
	EndGlobalSection
	GlobalSection(ExtensibilityGlobals) = postSolution
		SolutionGuid = {E5265443-E258-4B58-BFCF-EB402B31CB8A}
	EndGlobalSection
EndGlobal
